
Microsoft Visual Studio Solution File, Format Version 12.00
# Visual Studio Version 16
VisualStudioVersion = 16.0.28803.352
MinimumVisualStudioVersion = 10.0.40219.1
Project("{FAE04EC0-301F-11D3-BF4B-00C04F79EFBC}") = "dotnetcoreBlazor", "dotnetcoreBlazor\dotnetcoreBlazor.csproj", "{B266D3CA-3447-4F96-B14C-695B0E041A53}"
EndProject
Global
	GlobalSection(SolutionConfigurationPlatforms) = preSolution
		Debug|Any CPU = Debug|Any CPU
		Release|Any CPU = Release|Any CPU
	EndGlobalSection
	GlobalSection(ProjectConfigurationPlatforms) = postSolution
		{B266D3CA-3447-4F96-B14C-695B0E041A53}.Debug|Any CPU.ActiveCfg = Debug|Any CPU
		{B266D3CA-3447-4F96-B14C-695B0E041A53}.Debug|Any CPU.Build.0 = Debug|Any CPU
		{B266D3CA-3447-4F96-B14C-695B0E041A53}.Release|Any CPU.ActiveCfg = Release|Any CPU
		{B266D3CA-3447-4F96-B14C-695B0E041A53}.Release|Any CPU.Build.0 = Release|Any CPU
	EndGlobalSection
	GlobalSection(SolutionProperties) = preSolution
		HideSolutionNode = FALSE
	EndGlobalSection
	GlobalSection(ExtensibilityGlobals) = postSolution
		SolutionGuid = {E7B4E5B8-37C1-463A-B9C7-B6600428C27A}
	EndGlobalSection
EndGlobal
